// !$*UTF8*$!
{
	archiveVersion = 1;
	classes = {
	};
	objectVersion = 50;
	objects = {

/* Begin PBXBuildFile section */
		058641FB2264E99000D4E65A /* AppDelegate.swift in Sources */ = {isa = PBXBuildFile; fileRef = 058641FA2264E99000D4E65A /* AppDelegate.swift */; };
		058641FD2264E99000D4E65A /* ViewController.swift in Sources */ = {isa = PBXBuildFile; fileRef = 058641FC2264E99000D4E65A /* ViewController.swift */; };
		058642002264E99000D4E65A /* Main.storyboard in Resources */ = {isa = PBXBuildFile; fileRef = 058641FE2264E99000D4E65A /* Main.storyboard */; };
		058642022264E99200D4E65A /* Assets.xcassets in Resources */ = {isa = PBXBuildFile; fileRef = 058642012264E99200D4E65A /* Assets.xcassets */; };
		058642052264E99200D4E65A /* LaunchScreen.storyboard in Resources */ = {isa = PBXBuildFile; fileRef = 058642032264E99200D4E65A /* LaunchScreen.storyboard */; };
		3F72E98F5414234A4DEFA1E7 /* Pods_Lottie101.framework in Frameworks */ = {isa = PBXBuildFile; fileRef = 2EA96ED6AAB725BE85AF899C /* Pods_Lottie101.framework */; };
/* End PBXBuildFile section */

/* Begin PBXFileReference section */
		058641F72264E99000D4E65A /* Lottie101.app */ = {isa = PBXFileReference; explicitFileType = wrapper.application; includeInIndex = 0; path = Lottie101.app; sourceTree = BUILT_PRODUCTS_DIR; };
		058641FA2264E99000D4E65A /* AppDelegate.swift */ = {isa = PBXFileReference; lastKnownFileType = sourcecode.swift; path = AppDelegate.swift; sourceTree = "<group>"; };
		058641FC2264E99000D4E65A /* ViewController.swift */ = {isa = PBXFileReference; lastKnownFileType = sourcecode.swift; path = ViewController.swift; sourceTree = "<group>"; };
		058641FF2264E99000D4E65A /* Base */ = {isa = PBXFileReference; lastKnownFileType = file.storyboard; name = Base; path = Base.lproj/Main.storyboard; sourceTree = "<group>"; };
		058642012264E99200D4E65A /* Assets.xcassets */ = {isa = PBXFileReference; lastKnownFileType = folder.assetcatalog; path = Assets.xcassets; sourceTree = "<group>"; };
		058642042264E99200D4E65A /* Base */ = {isa = PBXFileReference; lastKnownFileType = file.storyboard; name = Base; path = Base.lproj/LaunchScreen.storyboard; sourceTree = "<group>"; };
		058642062264E99300D4E65A /* Info.plist */ = {isa = PBXFileReference; lastKnownFileType = text.plist.xml; path = Info.plist; sourceTree = "<group>"; };
		2EA96ED6AAB725BE85AF899C /* Pods_Lottie101.framework */ = {isa = PBXFileReference; explicitFileType = wrapper.framework; includeInIndex = 0; path = Pods_Lottie101.framework; sourceTree = BUILT_PRODUCTS_DIR; };
		39BDDB251329EA04D4D47B80 /* Pods-Lottie101.debug.xcconfig */ = {isa = PBXFileReference; includeInIndex = 1; lastKnownFileType = text.xcconfig; name = "Pods-Lottie101.debug.xcconfig"; path = "Pods/Target Support Files/Pods-Lottie101/Pods-Lottie101.debug.xcconfig"; sourceTree = "<group>"; };
		CC3C453ED42CBFA5E75C9969 /* Pods-Lottie101.release.xcconfig */ = {isa = PBXFileReference; includeInIndex = 1; lastKnownFileType = text.xcconfig; name = "Pods-Lottie101.release.xcconfig"; path = "Pods/Target Support Files/Pods-Lottie101/Pods-Lottie101.release.xcconfig"; sourceTree = "<group>"; };
/* End PBXFileReference section */

/* Begin PBXFrameworksBuildPhase section */
		058641F42264E99000D4E65A /* Frameworks */ = {
			isa = PBXFrameworksBuildPhase;
			buildActionMask = 2147483647;
			files = (
				3F72E98F5414234A4DEFA1E7 /* Pods_Lottie101.framework in Frameworks */,
			);
			runOnlyForDeploymentPostprocessing = 0;
		};
/* End PBXFrameworksBuildPhase section */

/* Begin PBXGroup section */
		058641EE2264E99000D4E65A = {
			isa = PBXGroup;
			children = (
				058641F92264E99000D4E65A /* Lottie101 */,
				058641F82264E99000D4E65A /* Products */,
				5F8B2A4D89455CB70862AB33 /* Pods */,
				4FDA112B938D89477FA2E3D4 /* Frameworks */,
			);
			sourceTree = "<group>";
		};
		058641F82264E99000D4E65A /* Products */ = {
			isa = PBXGroup;
			children = (
				058641F72264E99000D4E65A /* Lottie101.app */,
			);
			name = Products;
			sourceTree = "<group>";
		};
		058641F92264E99000D4E65A /* Lottie101 */ = {
			isa = PBXGroup;
			children = (
				058641FA2264E99000D4E65A /* AppDelegate.swift */,
				058641FC2264E99000D4E65A /* ViewController.swift */,
				058641FE2264E99000D4E65A /* Main.storyboard */,
				058642012264E99200D4E65A /* Assets.xcassets */,
				058642032264E99200D4E65A /* LaunchScreen.storyboard */,
				058642062264E99300D4E65A /* Info.plist */,
			);
			path = Lottie101;
			sourceTree = "<group>";
		};
		4FDA112B938D89477FA2E3D4 /* Frameworks */ = {
			isa = PBXGroup;
			children = (
				2EA96ED6AAB725BE85AF899C /* Pods_Lottie101.framework */,
			);
			name = Frameworks;
			sourceTree = "<group>";
		};
		5F8B2A4D89455CB70862AB33 /* Pods */ = {
			isa = PBXGroup;
			children = (
				39BDDB251329EA04D4D47B80 /* Pods-Lottie101.debug.xcconfig */,
				CC3C453ED42CBFA5E75C9969 /* Pods-Lottie101.release.xcconfig */,
			);
			name = Pods;
			sourceTree = "<group>";
		};
/* End PBXGroup section */

/* Begin PBXNativeTarget section */
		058641F62264E99000D4E65A /* Lottie101 */ = {
			isa = PBXNativeTarget;
			buildConfigurationList = 058642092264E99300D4E65A /* Build configuration list for PBXNativeTarget "Lottie101" */;
			buildPhases = (
				EBD5AC33E732AA97EB754479 /* [CP] Check Pods Manifest.lock */,
				058641F32264E99000D4E65A /* Sources */,
				058641F42264E99000D4E65A /* Frameworks */,
				058641F52264E99000D4E65A /* Resources */,
				45B83527D8C95ACF92F2A985 /* [CP] Embed Pods Frameworks */,
			);
			buildRules = (
			);
			dependencies = (
			);
			name = Lottie101;
			productName = Lottie101;
			productReference = 058641F72264E99000D4E65A /* Lottie101.app */;
			productType = "com.apple.product-type.application";
		};
/* End PBXNativeTarget section */

/* Begin PBXProject section */
		058641EF2264E99000D4E65A /* Project object */ = {
			isa = PBXProject;
			attributes = {
				LastSwiftUpdateCheck = 1010;
				LastUpgradeCheck = 1010;
				ORGANIZATIONNAME = ArcTouch;
				TargetAttributes = {
					058641F62264E99000D4E65A = {
						CreatedOnToolsVersion = 10.1;
					};
				};
			};
			buildConfigurationList = 058641F22264E99000D4E65A /* Build configuration list for PBXProject "Lottie101" */;
			compatibilityVersion = "Xcode 9.3";
			developmentRegion = en;
			hasScannedForEncodings = 0;
			knownRegions = (
				en,
				Base,
			);
			mainGroup = 058641EE2264E99000D4E65A;
			productRefGroup = 058641F82264E99000D4E65A /* Products */;
			projectDirPath = "";
			projectRoot = "";
			targets = (
				058641F62264E99000D4E65A /* Lottie101 */,
			);
		};
/* End PBXProject section */

/* Begin PBXResourcesBuildPhase section */
		058641F52264E99000D4E65A /* Resources */ = {
			isa = PBXResourcesBuildPhase;
			buildActionMask = 2147483647;
			files = (
				058642052264E99200D4E65A /* LaunchScreen.storyboard in Resources */,
				058642022264E99200D4E65A /* Assets.xcassets in Resources */,
				058642002264E99000D4E65A /* Main.storyboard in Resources */,
			);
			runOnlyForDeploymentPostprocessing = 0;
		};
/* End PBXResourcesBuildPhase section */

/* Begin PBXShellScriptBuildPhase section */
		45B83527D8C95ACF92F2A985 /* [CP] Embed Pods Frameworks */ = {
			isa = PBXShellScriptBuildPhase;
			buildActionMask = 2147483647;
			files = (
			);
			inputFileListPaths = (
			);
			inputPaths = (
				"${SRCROOT}/Pods/Target Support Files/Pods-Lottie101/Pods-Lottie101-frameworks.sh",
				"${BUILT_PRODUCTS_DIR}/lottie-ios/Lottie.framework",
			);
			name = "[CP] Embed Pods Frameworks";
			outputFileListPaths = (
			);
			outputPaths = (
				"${TARGET_BUILD_DIR}/${FRAMEWORKS_FOLDER_PATH}/Lottie.framework",
			);
			runOnlyForDeploymentPostprocessing = 0;
			shellPath = /bin/sh;
			shellScript = "\"${SRCROOT}/Pods/Target Support Files/Pods-Lottie101/Pods-Lottie101-frameworks.sh\"\n";
			showEnvVarsInLog = 0;
		};
		EBD5AC33E732AA97EB754479 /* [CP] Check Pods Manifest.lock */ = {
			isa = PBXShellScriptBuildPhase;
			buildActionMask = 2147483647;
			files = (
			);
			inputFileListPaths = (
			);
			inputPaths = (
				"${PODS_PODFILE_DIR_PATH}/Podfile.lock",
				"${PODS_ROOT}/Manifest.lock",
			);
			name = "[CP] Check Pods Manifest.lock";
			outputFileListPaths = (
			);
			outputPaths = (
				"$(DERIVED_FILE_DIR)/Pods-Lottie101-checkManifestLockResult.txt",
			);
			runOnlyForDeploymentPostprocessing = 0;
			shellPath = /bin/sh;
			shellScript = "diff \"${PODS_PODFILE_DIR_PATH}/Podfile.lock\" \"${PODS_ROOT}/Manifest.lock\" > /dev/null\nif [ $? != 0 ] ; then\n    # print error to STDERR\n    echo \"error: The sandbox is not in sync with the Podfile.lock. Run 'pod install' or update your CocoaPods installation.\" >&2\n    exit 1\nfi\n# This output is used by Xcode 'outputs' to avoid re-running this script phase.\necho \"SUCCESS\" > \"${SCRIPT_OUTPUT_FILE_0}\"\n";
			showEnvVarsInLog = 0;
		};
/* End PBXShellScriptBuildPhase section */

/* Begin PBXSourcesBuildPhase section */
		058641F32264E99000D4E65A /* Sources */ = {
			isa = PBXSourcesBuildPhase;
			buildActionMask = 2147483647;
			files = (
				058641FD2264E99000D4E65A /* ViewController.swift in Sources */,
				058641FB2264E99000D4E65A /* AppDelegate.swift in Sources */,
			);
			runOnlyForDeploymentPostprocessing = 0;
		};
/* End PBXSourcesBuildPhase section */

/* Begin PBXVariantGroup section */
		058641FE2264E99000D4E65A /* Main.storyboard */ = {
			isa = PBXVariantGroup;
			children = (
				058641FF2264E99000D4E65A /* Base */,
			);
			name = Main.storyboard;
			sourceTree = "<group>";
		};
		058642032264E99200D4E65A /* LaunchScreen.storyboard */ = {
			isa = PBXVariantGroup;
			children = (
				058642042264E99200D4E65A /* Base */,
			);
			name = LaunchScreen.storyboard;
			sourceTree = "<group>";
		};
/* End PBXVariantGroup section */

/* Begin XCBuildConfiguration section */
		058642072264E99300D4E65A /* Debug */ = {
			isa = XCBuildConfiguration;
			buildSettings = {
				ALWAYS_SEARCH_USER_PATHS = NO;
				CLANG_ANALYZER_NONNULL = YES;
				CLANG_ANALYZER_NUMBER_OBJECT_CONVERSION = YES_AGGRESSIVE;
				CLANG_CXX_LANGUAGE_STANDARD = "gnu++14";
				CLANG_CXX_LIBRARY = "libc++";
				CLANG_ENABLE_MODULES = YES;
				CLANG_ENABLE_OBJC_ARC = YES;
				CLANG_ENABLE_OBJC_WEAK = YES;
				CLANG_WARN_BLOCK_CAPTURE_AUTORELEASING = YES;
				CLANG_WARN_BOOL_CONVERSION = YES;
				CLANG_WARN_COMMA = YES;
				CLANG_WARN_CONSTANT_CONVERSION = YES;
				CLANG_WARN_DEPRECATED_OBJC_IMPLEMENTATIONS = YES;
				CLANG_WARN_DIRECT_OBJC_ISA_USAGE = YES_ERROR;
				CLANG_WARN_DOCUMENTATION_COMMENTS = YES;
				CLANG_WARN_EMPTY_BODY = YES;
				CLANG_WARN_ENUM_CONVERSION = YES;
				CLANG_WARN_INFINITE_RECURSION = YES;
				CLANG_WARN_INT_CONVERSION = YES;
				CLANG_WARN_NON_LITERAL_NULL_CONVERSION = YES;
				CLANG_WARN_OBJC_IMPLICIT_RETAIN_SELF = YES;
				CLANG_WARN_OBJC_LITERAL_CONVERSION = YES;
				CLANG_WARN_OBJC_ROOT_CLASS = YES_ERROR;
				CLANG_WARN_RANGE_LOOP_ANALYSIS = YES;
				CLANG_WARN_STRICT_PROTOTYPES = YES;
				CLANG_WARN_SUSPICIOUS_MOVE = YES;
				CLANG_WARN_UNGUARDED_AVAILABILITY = YES_AGGRESSIVE;
				CLANG_WARN_UNREACHABLE_CODE = YES;
				CLANG_WARN__DUPLICATE_METHOD_MATCH = YES;
				CODE_SIGN_IDENTITY = "iPhone Developer";
				COPY_PHASE_STRIP = NO;
				DEBUG_INFORMATION_FORMAT = dwarf;
				ENABLE_STRICT_OBJC_MSGSEND = YES;
				ENABLE_TESTABILITY = YES;
				GCC_C_LANGUAGE_STANDARD = gnu11;
				GCC_DYNAMIC_NO_PIC = NO;
				GCC_NO_COMMON_BLOCKS = YES;
				GCC_OPTIMIZATION_LEVEL = 0;
				GCC_PREPROCESSOR_DEFINITIONS = (
					"DEBUG=1",
					"$(inherited)",
				);
				GCC_WARN_64_TO_32_BIT_CONVERSION = YES;
				GCC_WARN_ABOUT_RETURN_TYPE = YES_ERROR;
				GCC_WARN_UNDECLARED_SELECTOR = YES;
				GCC_WARN_UNINITIALIZED_AUTOS = YES_AGGRESSIVE;
				GCC_WARN_UNUSED_FUNCTION = YES;
				GCC_WARN_UNUSED_VARIABLE = YES;
				IPHONEOS_DEPLOYMENT_TARGET = 12.1;
				MTL_ENABLE_DEBUG_INFO = INCLUDE_SOURCE;
				MTL_FAST_MATH = YES;
				ONLY_ACTIVE_ARCH = YES;
				SDKROOT = iphoneos;
				SWIFT_ACTIVE_COMPILATION_CONDITIONS = DEBUG;
				SWIFT_OPTIMIZATION_LEVEL = "-Onone";
			};
			name = Debug;
		};
		058642082264E99300D4E65A /* Release */ = {
			isa = XCBuildConfiguration;
			buildSettings = {
				ALWAYS_SEARCH_USER_PATHS = NO;
				CLANG_ANALYZER_NONNULL = YES;
				CLANG_ANALYZER_NUMBER_OBJECT_CONVERSION = YES_AGGRESSIVE;
				CLANG_CXX_LANGUAGE_STANDARD = "gnu++14";
				CLANG_CXX_LIBRARY = "libc++";
				CLANG_ENABLE_MODULES = YES;
				CLANG_ENABLE_OBJC_ARC = YES;
				CLANG_ENABLE_OBJC_WEAK = YES;
				CLANG_WARN_BLOCK_CAPTURE_AUTORELEASING = YES;
				CLANG_WARN_BOOL_CONVERSION = YES;
				CLANG_WARN_COMMA = YES;
				CLANG_WARN_CONSTANT_CONVERSION = YES;
				CLANG_WARN_DEPRECATED_OBJC_IMPLEMENTATIONS = YES;
				CLANG_WARN_DIRECT_OBJC_ISA_USAGE = YES_ERROR;
				CLANG_WARN_DOCUMENTATION_COMMENTS = YES;
				CLANG_WARN_EMPTY_BODY = YES;
				CLANG_WARN_ENUM_CONVERSION = YES;
				CLANG_WARN_INFINITE_RECURSION = YES;
				CLANG_WARN_INT_CONVERSION = YES;
				CLANG_WARN_NON_LITERAL_NULL_CONVERSION = YES;
				CLANG_WARN_OBJC_IMPLICIT_RETAIN_SELF = YES;
				CLANG_WARN_OBJC_LITERAL_CONVERSION = YES;
				CLANG_WARN_OBJC_ROOT_CLASS = YES_ERROR;
				CLANG_WARN_RANGE_LOOP_ANALYSIS = YES;
				CLANG_WARN_STRICT_PROTOTYPES = YES;
				CLANG_WARN_SUSPICIOUS_MOVE = YES;
				CLANG_WARN_UNGUARDED_AVAILABILITY = YES_AGGRESSIVE;
				CLANG_WARN_UNREACHABLE_CODE = YES;
				CLANG_WARN__DUPLICATE_METHOD_MATCH = YES;
				CODE_SIGN_IDENTITY = "iPhone Developer";
				COPY_PHASE_STRIP = NO;
				DEBUG_INFORMATION_FORMAT = "dwarf-with-dsym";
				ENABLE_NS_ASSERTIONS = NO;
				ENABLE_STRICT_OBJC_MSGSEND = YES;
				GCC_C_LANGUAGE_STANDARD = gnu11;
				GCC_NO_COMMON_BLOCKS = YES;
				GCC_WARN_64_TO_32_BIT_CONVERSION = YES;
				GCC_WARN_ABOUT_RETURN_TYPE = YES_ERROR;
				GCC_WARN_UNDECLARED_SELECTOR = YES;
				GCC_WARN_UNINITIALIZED_AUTOS = YES_AGGRESSIVE;
				GCC_WARN_UNUSED_FUNCTION = YES;
				GCC_WARN_UNUSED_VARIABLE = YES;
				IPHONEOS_DEPLOYMENT_TARGET = 12.1;
				MTL_ENABLE_DEBUG_INFO = NO;
				MTL_FAST_MATH = YES;
				SDKROOT = iphoneos;
				SWIFT_COMPILATION_MODE = wholemodule;
				SWIFT_OPTIMIZATION_LEVEL = "-O";
				VALIDATE_PRODUCT = YES;
			};
			name = Release;
		};
		0586420A2264E99300D4E65A /* Debug */ = {
			isa = XCBuildConfiguration;
			baseConfigurationReference = 39BDDB251329EA04D4D47B80 /* Pods-Lottie101.debug.xcconfig */;
			buildSettings = {
				ASSETCATALOG_COMPILER_APPICON_NAME = AppIcon;
				CODE_SIGN_STYLE = Automatic;
				DEVELOPMENT_TEAM = 5HMJW6N276;
				INFOPLIST_FILE = Lottie101/Info.plist;
				IPHONEOS_DEPLOYMENT_TARGET = 11.0;
				LD_RUNPATH_SEARCH_PATHS = (
					"$(inherited)",
					"@executable_path/Frameworks",
				);
				PRODUCT_BUNDLE_IDENTIFIER = com.arctouch.Lottie101;
				PRODUCT_NAME = "$(TARGET_NAME)";
				SWIFT_VERSION = 4.2;
				TARGETED_DEVICE_FAMILY = "1,2";
			};
			name = Debug;
		};
		0586420B2264E99300D4E65A /* Release */ = {
			isa = XCBuildConfiguration;
			baseConfigurationReference = CC3C453ED42CBFA5E75C9969 /* Pods-Lottie101.release.xcconfig */;
			buildSettings = {
				ASSETCATALOG_COMPILER_APPICON_NAME = AppIcon;
				CODE_SIGN_STYLE = Automatic;
				DEVELOPMENT_TEAM = 5HMJW6N276;
				INFOPLIST_FILE = Lottie101/Info.plist;
				IPHONEOS_DEPLOYMENT_TARGET = 11.0;
				LD_RUNPATH_SEARCH_PATHS = (
					"$(inherited)",
					"@executable_path/Frameworks",
				);
				PRODUCT_BUNDLE_IDENTIFIER = com.arctouch.Lottie101;
				PRODUCT_NAME = "$(TARGET_NAME)";
				SWIFT_VERSION = 4.2;
				TARGETED_DEVICE_FAMILY = "1,2";
			};
			name = Release;
		};
/* End XCBuildConfiguration section */

/* Begin XCConfigurationList section */
		058641F22264E99000D4E65A /* Build configuration list for PBXProject "Lottie101" */ = {
			isa = XCConfigurationList;
			buildConfigurations = (
				058642072264E99300D4E65A /* Debug */,
				058642082264E99300D4E65A /* Release */,
			);
			defaultConfigurationIsVisible = 0;
			defaultConfigurationName = Release;
		};
		058642092264E99300D4E65A /* Build configuration list for PBXNativeTarget "Lottie101" */ = {
			isa = XCConfigurationList;
			buildConfigurations = (
				0586420A2264E99300D4E65A /* Debug */,
				0586420B2264E99300D4E65A /* Release */,
			);
			defaultConfigurationIsVisible = 0;
			defaultConfigurationName = Release;
		};
/* End XCConfigurationList section */
	};
	rootObject = 058641EF2264E99000D4E65A /* Project object */;
}
